
Microsoft Visual Studio Solution File, Format Version 12.00
Project("{FAE04EC0-301F-11D3-BF4B-00C04F79EFBC}") = "SolaceDemo", "SolaceDemo\SolaceDemo.csproj", "{DA698C46-D901-421E-9460-516EF983863E}"
EndProject
Project("{FAE04EC0-301F-11D3-BF4B-00C04F79EFBC}") = "IoTShared", "IoTShared\IoTShared.csproj", "{BDC0FC57-BE16-4680-990C-A9D92D227E95}"
EndProject
Project("{2150E333-8FDC-42A3-9474-1A3956D46DE8}") = "Solution Items", "Solution Items", "{99933047-22AD-4FB8-AA0B-10C8EDE7C2B7}"
	ProjectSection(SolutionItems) = preProject
		compose.yaml = compose.yaml
	EndProjectSection
EndProject
Project("{FAE04EC0-301F-11D3-BF4B-00C04F79EFBC}") = "SmartPlugAPI", "SmartPlugAPI\SmartPlugAPI.csproj", "{DB5A78A3-B1A1-4857-9B89-AF9B541179DA}"
EndProject
Project("{FAE04EC0-301F-11D3-BF4B-00C04F79EFBC}") = "Shared", "Shared\Shared.csproj", "{EB2976D9-2C44-4C4F-9137-1A1F9BFE6286}"
EndProject
Project("{FAE04EC0-301F-11D3-BF4B-00C04F79EFBC}") = "ThermostatAPI", "ThermostatAPI\ThermostatAPI.csproj", "{0C4D42D6-E606-4091-9CC4-7207A84B3102}"
EndProject
Project("{FAE04EC0-301F-11D3-BF4B-00C04F79EFBC}") = "SolaceService", "SolaceService\SolaceService.csproj", "{7B5CC700-59E2-4A54-966F-1B6CE2EFD59C}"
EndProject
Project("{FAE04EC0-301F-11D3-BF4B-00C04F79EFBC}") = "LightAPI", "LightAPI\LightAPI.csproj", "{C80E94D2-E749-4BDD-9735-3E8ABAE0026D}"
EndProject
Project("{FAE04EC0-301F-11D3-BF4B-00C04F79EFBC}") = "ElasticIndexer", "ElasticIndexer\ElasticIndexer.csproj", "{48859899-EBF4-4D11-944C-ABA2E6C4658B}"
EndProject
Global
	GlobalSection(SolutionConfigurationPlatforms) = preSolution
		Debug|Any CPU = Debug|Any CPU
		Release|Any CPU = Release|Any CPU
	EndGlobalSection
	GlobalSection(ProjectConfigurationPlatforms) = postSolution
		{DA698C46-D901-421E-9460-516EF983863E}.Debug|Any CPU.ActiveCfg = Debug|Any CPU
		{DA698C46-D901-421E-9460-516EF983863E}.Debug|Any CPU.Build.0 = Debug|Any CPU
		{DA698C46-D901-421E-9460-516EF983863E}.Release|Any CPU.ActiveCfg = Release|Any CPU
		{DA698C46-D901-421E-9460-516EF983863E}.Release|Any CPU.Build.0 = Release|Any CPU
		{BDC0FC57-BE16-4680-990C-A9D92D227E95}.Debug|Any CPU.ActiveCfg = Debug|Any CPU
		{BDC0FC57-BE16-4680-990C-A9D92D227E95}.Debug|Any CPU.Build.0 = Debug|Any CPU
		{BDC0FC57-BE16-4680-990C-A9D92D227E95}.Release|Any CPU.ActiveCfg = Release|Any CPU
		{BDC0FC57-BE16-4680-990C-A9D92D227E95}.Release|Any CPU.Build.0 = Release|Any CPU
		{DB5A78A3-B1A1-4857-9B89-AF9B541179DA}.Debug|Any CPU.ActiveCfg = Debug|Any CPU
		{DB5A78A3-B1A1-4857-9B89-AF9B541179DA}.Debug|Any CPU.Build.0 = Debug|Any CPU
		{DB5A78A3-B1A1-4857-9B89-AF9B541179DA}.Release|Any CPU.ActiveCfg = Release|Any CPU
		{DB5A78A3-B1A1-4857-9B89-AF9B541179DA}.Release|Any CPU.Build.0 = Release|Any CPU
		{EB2976D9-2C44-4C4F-9137-1A1F9BFE6286}.Debug|Any CPU.ActiveCfg = Debug|Any CPU
		{EB2976D9-2C44-4C4F-9137-1A1F9BFE6286}.Debug|Any CPU.Build.0 = Debug|Any CPU
		{EB2976D9-2C44-4C4F-9137-1A1F9BFE6286}.Release|Any CPU.ActiveCfg = Release|Any CPU
		{EB2976D9-2C44-4C4F-9137-1A1F9BFE6286}.Release|Any CPU.Build.0 = Release|Any CPU
		{0C4D42D6-E606-4091-9CC4-7207A84B3102}.Debug|Any CPU.ActiveCfg = Debug|Any CPU
		{0C4D42D6-E606-4091-9CC4-7207A84B3102}.Debug|Any CPU.Build.0 = Debug|Any CPU
		{0C4D42D6-E606-4091-9CC4-7207A84B3102}.Release|Any CPU.ActiveCfg = Release|Any CPU
		{0C4D42D6-E606-4091-9CC4-7207A84B3102}.Release|Any CPU.Build.0 = Release|Any CPU
		{7B5CC700-59E2-4A54-966F-1B6CE2EFD59C}.Debug|Any CPU.ActiveCfg = Debug|Any CPU
		{7B5CC700-59E2-4A54-966F-1B6CE2EFD59C}.Debug|Any CPU.Build.0 = Debug|Any CPU
		{7B5CC700-59E2-4A54-966F-1B6CE2EFD59C}.Release|Any CPU.ActiveCfg = Release|Any CPU
		{7B5CC700-59E2-4A54-966F-1B6CE2EFD59C}.Release|Any CPU.Build.0 = Release|Any CPU
		{C80E94D2-E749-4BDD-9735-3E8ABAE0026D}.Debug|Any CPU.ActiveCfg = Debug|Any CPU
		{C80E94D2-E749-4BDD-9735-3E8ABAE0026D}.Debug|Any CPU.Build.0 = Debug|Any CPU
		{C80E94D2-E749-4BDD-9735-3E8ABAE0026D}.Release|Any CPU.ActiveCfg = Release|Any CPU
		{C80E94D2-E749-4BDD-9735-3E8ABAE0026D}.Release|Any CPU.Build.0 = Release|Any CPU
		{48859899-EBF4-4D11-944C-ABA2E6C4658B}.Debug|Any CPU.ActiveCfg = Debug|Any CPU
		{48859899-EBF4-4D11-944C-ABA2E6C4658B}.Debug|Any CPU.Build.0 = Debug|Any CPU
		{48859899-EBF4-4D11-944C-ABA2E6C4658B}.Release|Any CPU.ActiveCfg = Release|Any CPU
		{48859899-EBF4-4D11-944C-ABA2E6C4658B}.Release|Any CPU.Build.0 = Release|Any CPU
	EndGlobalSection
EndGlobal
